// !$*UTF8*$!
{
	archiveVersion = 1;
	classes = {
	};
	objectVersion = 46;
	objects = {

/* Begin PBXBuildFile section */
		96BE73291EB60AC2008711B1 /* main.m in Sources */ = {isa = PBXBuildFile; fileRef = 96BE73281EB60AC2008711B1 /* main.m */; };
		96BE732C1EB60AC2008711B1 /* AppDelegate.m in Sources */ = {isa = PBXBuildFile; fileRef = 96BE732B1EB60AC2008711B1 /* AppDelegate.m */; };
		96BE732F1EB60AC2008711B1 /* ViewController.m in Sources */ = {isa = PBXBuildFile; fileRef = 96BE732E1EB60AC2008711B1 /* ViewController.m */; };
		96BE73321EB60AC2008711B1 /* Main.storyboard in Resources */ = {isa = PBXBuildFile; fileRef = 96BE73301EB60AC2008711B1 /* Main.storyboard */; };
		96BE73341EB60AC2008711B1 /* Assets.xcassets in Resources */ = {isa = PBXBuildFile; fileRef = 96BE73331EB60AC2008711B1 /* Assets.xcassets */; };
		96BE73371EB60AC2008711B1 /* LaunchScreen.storyboard in Resources */ = {isa = PBXBuildFile; fileRef = 96BE73351EB60AC2008711B1 /* LaunchScreen.storyboard */; };
		96BE73401EB60EBD008711B1 /* CoreBluetooth.framework in Frameworks */ = {isa = PBXBuildFile; fileRef = 96BE733F1EB60EBD008711B1 /* CoreBluetooth.framework */; };
/* End PBXBuildFile section */

/* Begin PBXFileReference section */
		96BE73241EB60AC2008711B1 /* CBSimpleControl.app */ = {isa = PBXFileReference; explicitFileType = wrapper.application; includeInIndex = 0; path = CBSimpleControl.app; sourceTree = BUILT_PRODUCTS_DIR; };
		96BE73281EB60AC2008711B1 /* main.m */ = {isa = PBXFileReference; lastKnownFileType = sourcecode.c.objc; path = main.m; sourceTree = "<group>"; };
		96BE732A1EB60AC2008711B1 /* AppDelegate.h */ = {isa = PBXFileReference; lastKnownFileType = sourcecode.c.h; path = AppDelegate.h; sourceTree = "<group>"; };
		96BE732B1EB60AC2008711B1 /* AppDelegate.m */ = {isa = PBXFileReference; lastKnownFileType = sourcecode.c.objc; path = AppDelegate.m; sourceTree = "<group>"; };
		96BE732D1EB60AC2008711B1 /* ViewController.h */ = {isa = PBXFileReference; lastKnownFileType = sourcecode.c.h; path = ViewController.h; sourceTree = "<group>"; };
		96BE732E1EB60AC2008711B1 /* ViewController.m */ = {isa = PBXFileReference; lastKnownFileType = sourcecode.c.objc; path = ViewController.m; sourceTree = "<group>"; };
		96BE73311EB60AC2008711B1 /* Base */ = {isa = PBXFileReference; lastKnownFileType = file.storyboard; name = Base; path = Base.lproj/Main.storyboard; sourceTree = "<group>"; };
		96BE73331EB60AC2008711B1 /* Assets.xcassets */ = {isa = PBXFileReference; lastKnownFileType = folder.assetcatalog; path = Assets.xcassets; sourceTree = "<group>"; };
		96BE73361EB60AC2008711B1 /* Base */ = {isa = PBXFileReference; lastKnownFileType = file.storyboard; name = Base; path = Base.lproj/LaunchScreen.storyboard; sourceTree = "<group>"; };
		96BE73381EB60AC2008711B1 /* Info.plist */ = {isa = PBXFileReference; lastKnownFileType = text.plist.xml; path = Info.plist; sourceTree = "<group>"; };
		96BE733F1EB60EBD008711B1 /* CoreBluetooth.framework */ = {isa = PBXFileReference; lastKnownFileType = wrapper.framework; name = CoreBluetooth.framework; path = System/Library/Frameworks/CoreBluetooth.framework; sourceTree = SDKROOT; };
/* End PBXFileReference section */

/* Begin PBXFrameworksBuildPhase section */
		96BE73211EB60AC2008711B1 /* Frameworks */ = {
			isa = PBXFrameworksBuildPhase;
			buildActionMask = 2147483647;
			files = (
				96BE73401EB60EBD008711B1 /* CoreBluetooth.framework in Frameworks */,
			);
			runOnlyForDeploymentPostprocessing = 0;
		};
/* End PBXFrameworksBuildPhase section */

/* Begin PBXGroup section */
		96BE731B1EB60AC2008711B1 = {
			isa = PBXGroup;
			children = (
				96BE73261EB60AC2008711B1 /* CBSimpleControl */,
				96BE73251EB60AC2008711B1 /* Products */,
				96BE733E1EB60EBD008711B1 /* Frameworks */,
			);
			sourceTree = "<group>";
		};
		96BE73251EB60AC2008711B1 /* Products */ = {
			isa = PBXGroup;
			children = (
				96BE73241EB60AC2008711B1 /* CBSimpleControl.app */,
			);
			name = Products;
			sourceTree = "<group>";
		};
		96BE73261EB60AC2008711B1 /* CBSimpleControl */ = {
			isa = PBXGroup;
			children = (
				96BE732A1EB60AC2008711B1 /* AppDelegate.h */,
				96BE732B1EB60AC2008711B1 /* AppDelegate.m */,
				96BE732D1EB60AC2008711B1 /* ViewController.h */,
				96BE732E1EB60AC2008711B1 /* ViewController.m */,
				96BE73301EB60AC2008711B1 /* Main.storyboard */,
				96BE73331EB60AC2008711B1 /* Assets.xcassets */,
				96BE73351EB60AC2008711B1 /* LaunchScreen.storyboard */,
				96BE73381EB60AC2008711B1 /* Info.plist */,
				96BE73271EB60AC2008711B1 /* Supporting Files */,
			);
			path = CBSimpleControl;
			sourceTree = "<group>";
		};
		96BE73271EB60AC2008711B1 /* Supporting Files */ = {
			isa = PBXGroup;
			children = (
				96BE73281EB60AC2008711B1 /* main.m */,
			);
			name = "Supporting Files";
			sourceTree = "<group>";
		};
		96BE733E1EB60EBD008711B1 /* Frameworks */ = {
			isa = PBXGroup;
			children = (
				96BE733F1EB60EBD008711B1 /* CoreBluetooth.framework */,
			);
			name = Frameworks;
			sourceTree = "<group>";
		};
/* End PBXGroup section */

/* Begin PBXNativeTarget section */
		96BE73231EB60AC2008711B1 /* CBSimpleControl */ = {
			isa = PBXNativeTarget;
			buildConfigurationList = 96BE733B1EB60AC2008711B1 /* Build configuration list for PBXNativeTarget "CBSimpleControl" */;
			buildPhases = (
				96BE73201EB60AC2008711B1 /* Sources */,
				96BE73211EB60AC2008711B1 /* Frameworks */,
				96BE73221EB60AC2008711B1 /* Resources */,
			);
			buildRules = (
			);
			dependencies = (
			);
			name = CBSimpleControl;
			productName = CBSimpleControl;
			productReference = 96BE73241EB60AC2008711B1 /* CBSimpleControl.app */;
			productType = "com.apple.product-type.application";
		};
/* End PBXNativeTarget section */

/* Begin PBXProject section */
		96BE731C1EB60AC2008711B1 /* Project object */ = {
			isa = PBXProject;
			attributes = {
				LastUpgradeCheck = 0830;
				ORGANIZATIONNAME = "Mostafa Khattab";
				TargetAttributes = {
					96BE73231EB60AC2008711B1 = {
						CreatedOnToolsVersion = 8.3.2;
						DevelopmentTeam = 5NWFT59D4Q;
						ProvisioningStyle = Automatic;
					};
				};
			};
			buildConfigurationList = 96BE731F1EB60AC2008711B1 /* Build configuration list for PBXProject "CBSimpleControl" */;
			compatibilityVersion = "Xcode 3.2";
			developmentRegion = English;
			hasScannedForEncodings = 0;
			knownRegions = (
				en,
				Base,
			);
			mainGroup = 96BE731B1EB60AC2008711B1;
			productRefGroup = 96BE73251EB60AC2008711B1 /* Products */;
			projectDirPath = "";
			projectRoot = "";
			targets = (
				96BE73231EB60AC2008711B1 /* CBSimpleControl */,
			);
		};
/* End PBXProject section */

/* Begin PBXResourcesBuildPhase section */
		96BE73221EB60AC2008711B1 /* Resources */ = {
			isa = PBXResourcesBuildPhase;
			buildActionMask = 2147483647;
			files = (
				96BE73371EB60AC2008711B1 /* LaunchScreen.storyboard in Resources */,
				96BE73341EB60AC2008711B1 /* Assets.xcassets in Resources */,
				96BE73321EB60AC2008711B1 /* Main.storyboard in Resources */,
			);
			runOnlyForDeploymentPostprocessing = 0;
		};
/* End PBXResourcesBuildPhase section */

/* Begin PBXSourcesBuildPhase section */
		96BE73201EB60AC2008711B1 /* Sources */ = {
			isa = PBXSourcesBuildPhase;
			buildActionMask = 2147483647;
			files = (
				96BE732F1EB60AC2008711B1 /* ViewController.m in Sources */,
				96BE732C1EB60AC2008711B1 /* AppDelegate.m in Sources */,
				96BE73291EB60AC2008711B1 /* main.m in Sources */,
			);
			runOnlyForDeploymentPostprocessing = 0;
		};
/* End PBXSourcesBuildPhase section */

/* Begin PBXVariantGroup section */
		96BE73301EB60AC2008711B1 /* Main.storyboard */ = {
			isa = PBXVariantGroup;
			children = (
				96BE73311EB60AC2008711B1 /* Base */,
			);
			name = Main.storyboard;
			sourceTree = "<group>";
		};
		96BE73351EB60AC2008711B1 /* LaunchScreen.storyboard */ = {
			isa = PBXVariantGroup;
			children = (
				96BE73361EB60AC2008711B1 /* Base */,
			);
			name = LaunchScreen.storyboard;
			sourceTree = "<group>";
		};
/* End PBXVariantGroup section */

/* Begin XCBuildConfiguration section */
		96BE73391EB60AC2008711B1 /* Debug */ = {
			isa = XCBuildConfiguration;
			buildSettings = {
				ALWAYS_SEARCH_USER_PATHS = NO;
				CLANG_ANALYZER_NONNULL = YES;
				CLANG_ANALYZER_NUMBER_OBJECT_CONVERSION = YES_AGGRESSIVE;
				CLANG_CXX_LANGUAGE_STANDARD = "gnu++0x";
				CLANG_CXX_LIBRARY = "libc++";
				CLANG_ENABLE_MODULES = YES;
				CLANG_ENABLE_OBJC_ARC = YES;
				CLANG_WARN_BOOL_CONVERSION = YES;
				CLANG_WARN_CONSTANT_CONVERSION = YES;
				CLANG_WARN_DIRECT_OBJC_ISA_USAGE = YES_ERROR;
				CLANG_WARN_DOCUMENTATION_COMMENTS = YES;
				CLANG_WARN_EMPTY_BODY = YES;
				CLANG_WARN_ENUM_CONVERSION = YES;
				CLANG_WARN_INFINITE_RECURSION = YES;
				CLANG_WARN_INT_CONVERSION = YES;
				CLANG_WARN_OBJC_ROOT_CLASS = YES_ERROR;
				CLANG_WARN_SUSPICIOUS_MOVE = YES;
				CLANG_WARN_UNREACHABLE_CODE = YES;
				CLANG_WARN__DUPLICATE_METHOD_MATCH = YES;
				"CODE_SIGN_IDENTITY[sdk=iphoneos*]" = "iPhone Developer";
				COPY_PHASE_STRIP = NO;
				DEBUG_INFORMATION_FORMAT = dwarf;
				ENABLE_STRICT_OBJC_MSGSEND = YES;
				ENABLE_TESTABILITY = YES;
				GCC_C_LANGUAGE_STANDARD = gnu99;
				GCC_DYNAMIC_NO_PIC = NO;
				GCC_NO_COMMON_BLOCKS = YES;
				GCC_OPTIMIZATION_LEVEL = 0;
				GCC_PREPROCESSOR_DEFINITIONS = (
					"DEBUG=1",
					"$(inherited)",
				);
				GCC_WARN_64_TO_32_BIT_CONVERSION = YES;
				GCC_WARN_ABOUT_RETURN_TYPE = YES_ERROR;
				GCC_WARN_UNDECLARED_SELECTOR = YES;
				GCC_WARN_UNINITIALIZED_AUTOS = YES_AGGRESSIVE;
				GCC_WARN_UNUSED_FUNCTION = YES;
				GCC_WARN_UNUSED_VARIABLE = YES;
				IPHONEOS_DEPLOYMENT_TARGET = 10.3;
				MTL_ENABLE_DEBUG_INFO = YES;
				ONLY_ACTIVE_ARCH = YES;
				SDKROOT = iphoneos;
			};
			name = Debug;
		};
		96BE733A1EB60AC2008711B1 /* Release */ = {
			isa = XCBuildConfiguration;
			buildSettings = {
				ALWAYS_SEARCH_USER_PATHS = NO;
				CLANG_ANALYZER_NONNULL = YES;
				CLANG_ANALYZER_NUMBER_OBJECT_CONVERSION = YES_AGGRESSIVE;
				CLANG_CXX_LANGUAGE_STANDARD = "gnu++0x";
				CLANG_CXX_LIBRARY = "libc++";
				CLANG_ENABLE_MODULES = YES;
				CLANG_ENABLE_OBJC_ARC = YES;
				CLANG_WARN_BOOL_CONVERSION = YES;
				CLANG_WARN_CONSTANT_CONVERSION = YES;
				CLANG_WARN_DIRECT_OBJC_ISA_USAGE = YES_ERROR;
				CLANG_WARN_DOCUMENTATION_COMMENTS = YES;
				CLANG_WARN_EMPTY_BODY = YES;
				CLANG_WARN_ENUM_CONVERSION = YES;
				CLANG_WARN_INFINITE_RECURSION = YES;
				CLANG_WARN_INT_CONVERSION = YES;
				CLANG_WARN_OBJC_ROOT_CLASS = YES_ERROR;
				CLANG_WARN_SUSPICIOUS_MOVE = YES;
				CLANG_WARN_UNREACHABLE_CODE = YES;
				CLANG_WARN__DUPLICATE_METHOD_MATCH = YES;
				"CODE_SIGN_IDENTITY[sdk=iphoneos*]" = "iPhone Developer";
				COPY_PHASE_STRIP = NO;
				DEBUG_INFORMATION_FORMAT = "dwarf-with-dsym";
				ENABLE_NS_ASSERTIONS = NO;
				ENABLE_STRICT_OBJC_MSGSEND = YES;
				GCC_C_LANGUAGE_STANDARD = gnu99;
				GCC_NO_COMMON_BLOCKS = YES;
				GCC_WARN_64_TO_32_BIT_CONVERSION = YES;
				GCC_WARN_ABOUT_RETURN_TYPE = YES_ERROR;
				GCC_WARN_UNDECLARED_SELECTOR = YES;
				GCC_WARN_UNINITIALIZED_AUTOS = YES_AGGRESSIVE;
				GCC_WARN_UNUSED_FUNCTION = YES;
				GCC_WARN_UNUSED_VARIABLE = YES;
				IPHONEOS_DEPLOYMENT_TARGET = 10.3;
				MTL_ENABLE_DEBUG_INFO = NO;
				SDKROOT = iphoneos;
				VALIDATE_PRODUCT = YES;
			};
			name = Release;
		};
		96BE733C1EB60AC2008711B1 /* Debug */ = {
			isa = XCBuildConfiguration;
			buildSettings = {
				ASSETCATALOG_COMPILER_APPICON_NAME = AppIcon;
				DEVELOPMENT_TEAM = 5NWFT59D4Q;
				INFOPLIST_FILE = CBSimpleControl/Info.plist;
				IPHONEOS_DEPLOYMENT_TARGET = 9.0;
				LD_RUNPATH_SEARCH_PATHS = "$(inherited) @executable_path/Frameworks";
				PRODUCT_BUNDLE_IDENTIFIER = com.khattab.test.CBSimpleControl;
				PRODUCT_NAME = "$(TARGET_NAME)";
			};
			name = Debug;
		};
		96BE733D1EB60AC2008711B1 /* Release */ = {
			isa = XCBuildConfiguration;
			buildSettings = {
				ASSETCATALOG_COMPILER_APPICON_NAME = AppIcon;
				DEVELOPMENT_TEAM = 5NWFT59D4Q;
				INFOPLIST_FILE = CBSimpleControl/Info.plist;
				IPHONEOS_DEPLOYMENT_TARGET = 9.0;
				LD_RUNPATH_SEARCH_PATHS = "$(inherited) @executable_path/Frameworks";
				PRODUCT_BUNDLE_IDENTIFIER = com.khattab.test.CBSimpleControl;
				PRODUCT_NAME = "$(TARGET_NAME)";
			};
			name = Release;
		};
/* End XCBuildConfiguration section */

/* Begin XCConfigurationList section */
		96BE731F1EB60AC2008711B1 /* Build configuration list for PBXProject "CBSimpleControl" */ = {
			isa = XCConfigurationList;
			buildConfigurations = (
				96BE73391EB60AC2008711B1 /* Debug */,
				96BE733A1EB60AC2008711B1 /* Release */,
			);
			defaultConfigurationIsVisible = 0;
			defaultConfigurationName = Release;
		};
		96BE733B1EB60AC2008711B1 /* Build configuration list for PBXNativeTarget "CBSimpleControl" */ = {
			isa = XCConfigurationList;
			buildConfigurations = (
				96BE733C1EB60AC2008711B1 /* Debug */,
				96BE733D1EB60AC2008711B1 /* Release */,
			);
			defaultConfigurationIsVisible = 0;
			defaultConfigurationName = Release;
		};
/* End XCConfigurationList section */
	};
	rootObject = 96BE731C1EB60AC2008711B1 /* Project object */;
}
